
Microsoft Visual Studio Solution File, Format Version 12.00
# Visual Studio Version 17
VisualStudioVersion = 17.4.33213.308
MinimumVisualStudioVersion = 10.0.40219.1
Project("{9A19103F-16F7-4668-BE54-9A1E7A4F7556}") = "HRM.Recruiting.APILayer", "HRM.Recruiting.APILayer\HRM.Recruiting.APILayer.csproj", "{4A47A4D6-FF4A-458F-978F-5117756C29E9}"
EndProject
Project("{2150E333-8FDC-42A3-9474-1A3956D46DE8}") = "Recruiting", "Recruiting", "{7F681C3F-5B9D-46D5-BA85-22905EE205AA}"
EndProject
Project("{9A19103F-16F7-4668-BE54-9A1E7A4F7556}") = "HRM.Recruiting.ApplicationCore", "HRM.Recruiting.ApplicationLayer\HRM.Recruiting.ApplicationCore.csproj", "{717A91CE-23B6-4954-8D90-5C6EF9046D9C}"
EndProject
Project("{2150E333-8FDC-42A3-9474-1A3956D46DE8}") = "src", "src", "{BD72B9F5-0580-4E8B-9EDF-C388104F70C9}"
EndProject
Project("{2150E333-8FDC-42A3-9474-1A3956D46DE8}") = "Interview", "Interview", "{4B94237A-0E66-40FC-936C-69B3AED74342}"
EndProject
Project("{9A19103F-16F7-4668-BE54-9A1E7A4F7556}") = "HRM.Interview.APILayer", "HRM.Interview.APILayer\HRM.Interview.APILayer.csproj", "{47F26AAA-6317-44A4-8723-CCFE92CE40BE}"
EndProject
Project("{9A19103F-16F7-4668-BE54-9A1E7A4F7556}") = "HRM.Interview.ApplicationCore", "HRM.Interview.ApplicationLayer\HRM.Interview.ApplicationCore.csproj", "{362BACDA-A666-415F-BE98-1E522C4E5218}"
EndProject
Project("{2150E333-8FDC-42A3-9474-1A3956D46DE8}") = "Onboard", "Onboard", "{BDD3DADF-E40C-4CDD-BAA4-4D270E7D59DE}"
EndProject
Project("{9A19103F-16F7-4668-BE54-9A1E7A4F7556}") = "HRM.Onboard.APILayer", "HRM.Onboard.APILayer\HRM.Onboard.APILayer.csproj", "{8DEDAEC6-779C-4C0D-9E86-BA802ECF8646}"
EndProject
Project("{9A19103F-16F7-4668-BE54-9A1E7A4F7556}") = "HRM.Onboard.ApplicationCore", "HRM.Onboard.ApplicationCore\HRM.Onboard.ApplicationCore.csproj", "{278AF775-0AE0-4150-B87F-59B15968DBAE}"
EndProject
Project("{2150E333-8FDC-42A3-9474-1A3956D46DE8}") = "Authentication", "Authentication", "{0B0CF2FC-2FC5-4925-B89E-6E3121D19C09}"
EndProject
Project("{9A19103F-16F7-4668-BE54-9A1E7A4F7556}") = "HRM.Recruiting.Infrastructure", "HRM.Recruiting.Infrastructure\HRM.Recruiting.Infrastructure.csproj", "{A3FCBDE6-3030-41AB-A3B3-02754C17938D}"
EndProject
Project("{9A19103F-16F7-4668-BE54-9A1E7A4F7556}") = "HRM.Onboard.Infrastructure", "HRM.Onboard.Infrastructure\HRM.Onboard.Infrastructure.csproj", "{21F50DDE-D839-427F-85C5-983650FA34DB}"
EndProject
Project("{9A19103F-16F7-4668-BE54-9A1E7A4F7556}") = "HRM.Interview.Infrastructure", "HRM.Interview.Infrastructure\HRM.Interview.Infrastructure.csproj", "{80731F01-DB3B-487F-B4FD-B42A00F35568}"
EndProject
Project("{9A19103F-16F7-4668-BE54-9A1E7A4F7556}") = "HRM.Authentication.APILayer", "HRM.Authentication.APILayer\HRM.Authentication.APILayer.csproj", "{BBEC4C38-2AD9-446A-8B16-0029B2133BED}"
EndProject
Project("{9A19103F-16F7-4668-BE54-9A1E7A4F7556}") = "HRM.Authentication.ApplicationCore", "HRM.Authentication.ApplicationCore\HRM.Authentication.ApplicationCore.csproj", "{91393FF1-7A5A-4503-B71D-19D275ADDBE3}"
EndProject
Project("{9A19103F-16F7-4668-BE54-9A1E7A4F7556}") = "HRM.Authentication.Infrastructure", "HRM.Authentication.Infrastructure\HRM.Authentication.Infrastructure.csproj", "{48487A11-7A2D-405A-8FE6-9F09F7A48420}"
EndProject
Project("{E53339B2-1760-4266-BCC7-CA923CBCF16C}") = "docker-compose", "docker-compose.dcproj", "{466EF4EB-9E11-459D-BDF2-283D049E33B5}"
EndProject
Global
	GlobalSection(SolutionConfigurationPlatforms) = preSolution
		Debug|Any CPU = Debug|Any CPU
		Release|Any CPU = Release|Any CPU
	EndGlobalSection
	GlobalSection(ProjectConfigurationPlatforms) = postSolution
		{4A47A4D6-FF4A-458F-978F-5117756C29E9}.Debug|Any CPU.ActiveCfg = Debug|Any CPU
		{4A47A4D6-FF4A-458F-978F-5117756C29E9}.Debug|Any CPU.Build.0 = Debug|Any CPU
		{4A47A4D6-FF4A-458F-978F-5117756C29E9}.Release|Any CPU.ActiveCfg = Release|Any CPU
		{4A47A4D6-FF4A-458F-978F-5117756C29E9}.Release|Any CPU.Build.0 = Release|Any CPU
		{717A91CE-23B6-4954-8D90-5C6EF9046D9C}.Debug|Any CPU.ActiveCfg = Debug|Any CPU
		{717A91CE-23B6-4954-8D90-5C6EF9046D9C}.Debug|Any CPU.Build.0 = Debug|Any CPU
		{717A91CE-23B6-4954-8D90-5C6EF9046D9C}.Release|Any CPU.ActiveCfg = Release|Any CPU
		{717A91CE-23B6-4954-8D90-5C6EF9046D9C}.Release|Any CPU.Build.0 = Release|Any CPU
		{47F26AAA-6317-44A4-8723-CCFE92CE40BE}.Debug|Any CPU.ActiveCfg = Debug|Any CPU
		{47F26AAA-6317-44A4-8723-CCFE92CE40BE}.Debug|Any CPU.Build.0 = Debug|Any CPU
		{47F26AAA-6317-44A4-8723-CCFE92CE40BE}.Release|Any CPU.ActiveCfg = Release|Any CPU
		{47F26AAA-6317-44A4-8723-CCFE92CE40BE}.Release|Any CPU.Build.0 = Release|Any CPU
		{362BACDA-A666-415F-BE98-1E522C4E5218}.Debug|Any CPU.ActiveCfg = Debug|Any CPU
		{362BACDA-A666-415F-BE98-1E522C4E5218}.Debug|Any CPU.Build.0 = Debug|Any CPU
		{362BACDA-A666-415F-BE98-1E522C4E5218}.Release|Any CPU.ActiveCfg = Release|Any CPU
		{362BACDA-A666-415F-BE98-1E522C4E5218}.Release|Any CPU.Build.0 = Release|Any CPU
		{8DEDAEC6-779C-4C0D-9E86-BA802ECF8646}.Debug|Any CPU.ActiveCfg = Debug|Any CPU
		{8DEDAEC6-779C-4C0D-9E86-BA802ECF8646}.Debug|Any CPU.Build.0 = Debug|Any CPU
		{8DEDAEC6-779C-4C0D-9E86-BA802ECF8646}.Release|Any CPU.ActiveCfg = Release|Any CPU
		{8DEDAEC6-779C-4C0D-9E86-BA802ECF8646}.Release|Any CPU.Build.0 = Release|Any CPU
		{278AF775-0AE0-4150-B87F-59B15968DBAE}.Debug|Any CPU.ActiveCfg = Debug|Any CPU
		{278AF775-0AE0-4150-B87F-59B15968DBAE}.Debug|Any CPU.Build.0 = Debug|Any CPU
		{278AF775-0AE0-4150-B87F-59B15968DBAE}.Release|Any CPU.ActiveCfg = Release|Any CPU
		{278AF775-0AE0-4150-B87F-59B15968DBAE}.Release|Any CPU.Build.0 = Release|Any CPU
		{A3FCBDE6-3030-41AB-A3B3-02754C17938D}.Debug|Any CPU.ActiveCfg = Debug|Any CPU
		{A3FCBDE6-3030-41AB-A3B3-02754C17938D}.Debug|Any CPU.Build.0 = Debug|Any CPU
		{A3FCBDE6-3030-41AB-A3B3-02754C17938D}.Release|Any CPU.ActiveCfg = Release|Any CPU
		{A3FCBDE6-3030-41AB-A3B3-02754C17938D}.Release|Any CPU.Build.0 = Release|Any CPU
		{21F50DDE-D839-427F-85C5-983650FA34DB}.Debug|Any CPU.ActiveCfg = Debug|Any CPU
		{21F50DDE-D839-427F-85C5-983650FA34DB}.Debug|Any CPU.Build.0 = Debug|Any CPU
		{21F50DDE-D839-427F-85C5-983650FA34DB}.Release|Any CPU.ActiveCfg = Release|Any CPU
		{21F50DDE-D839-427F-85C5-983650FA34DB}.Release|Any CPU.Build.0 = Release|Any CPU
		{80731F01-DB3B-487F-B4FD-B42A00F35568}.Debug|Any CPU.ActiveCfg = Debug|Any CPU
		{80731F01-DB3B-487F-B4FD-B42A00F35568}.Debug|Any CPU.Build.0 = Debug|Any CPU
		{80731F01-DB3B-487F-B4FD-B42A00F35568}.Release|Any CPU.ActiveCfg = Release|Any CPU
		{80731F01-DB3B-487F-B4FD-B42A00F35568}.Release|Any CPU.Build.0 = Release|Any CPU
		{BBEC4C38-2AD9-446A-8B16-0029B2133BED}.Debug|Any CPU.ActiveCfg = Debug|Any CPU
		{BBEC4C38-2AD9-446A-8B16-0029B2133BED}.Debug|Any CPU.Build.0 = Debug|Any CPU
		{BBEC4C38-2AD9-446A-8B16-0029B2133BED}.Release|Any CPU.ActiveCfg = Release|Any CPU
		{BBEC4C38-2AD9-446A-8B16-0029B2133BED}.Release|Any CPU.Build.0 = Release|Any CPU
		{91393FF1-7A5A-4503-B71D-19D275ADDBE3}.Debug|Any CPU.ActiveCfg = Debug|Any CPU
		{91393FF1-7A5A-4503-B71D-19D275ADDBE3}.Debug|Any CPU.Build.0 = Debug|Any CPU
		{91393FF1-7A5A-4503-B71D-19D275ADDBE3}.Release|Any CPU.ActiveCfg = Release|Any CPU
		{91393FF1-7A5A-4503-B71D-19D275ADDBE3}.Release|Any CPU.Build.0 = Release|Any CPU
		{48487A11-7A2D-405A-8FE6-9F09F7A48420}.Debug|Any CPU.ActiveCfg = Debug|Any CPU
		{48487A11-7A2D-405A-8FE6-9F09F7A48420}.Debug|Any CPU.Build.0 = Debug|Any CPU
		{48487A11-7A2D-405A-8FE6-9F09F7A48420}.Release|Any CPU.ActiveCfg = Release|Any CPU
		{48487A11-7A2D-405A-8FE6-9F09F7A48420}.Release|Any CPU.Build.0 = Release|Any CPU
		{466EF4EB-9E11-459D-BDF2-283D049E33B5}.Debug|Any CPU.ActiveCfg = Debug|Any CPU
		{466EF4EB-9E11-459D-BDF2-283D049E33B5}.Debug|Any CPU.Build.0 = Debug|Any CPU
		{466EF4EB-9E11-459D-BDF2-283D049E33B5}.Release|Any CPU.ActiveCfg = Release|Any CPU
		{466EF4EB-9E11-459D-BDF2-283D049E33B5}.Release|Any CPU.Build.0 = Release|Any CPU
	EndGlobalSection
	GlobalSection(SolutionProperties) = preSolution
		HideSolutionNode = FALSE
	EndGlobalSection
	GlobalSection(NestedProjects) = preSolution
		{4A47A4D6-FF4A-458F-978F-5117756C29E9} = {7F681C3F-5B9D-46D5-BA85-22905EE205AA}
		{7F681C3F-5B9D-46D5-BA85-22905EE205AA} = {BD72B9F5-0580-4E8B-9EDF-C388104F70C9}
		{717A91CE-23B6-4954-8D90-5C6EF9046D9C} = {7F681C3F-5B9D-46D5-BA85-22905EE205AA}
		{4B94237A-0E66-40FC-936C-69B3AED74342} = {BD72B9F5-0580-4E8B-9EDF-C388104F70C9}
		{47F26AAA-6317-44A4-8723-CCFE92CE40BE} = {4B94237A-0E66-40FC-936C-69B3AED74342}
		{362BACDA-A666-415F-BE98-1E522C4E5218} = {4B94237A-0E66-40FC-936C-69B3AED74342}
		{BDD3DADF-E40C-4CDD-BAA4-4D270E7D59DE} = {BD72B9F5-0580-4E8B-9EDF-C388104F70C9}
		{8DEDAEC6-779C-4C0D-9E86-BA802ECF8646} = {BDD3DADF-E40C-4CDD-BAA4-4D270E7D59DE}
		{278AF775-0AE0-4150-B87F-59B15968DBAE} = {BDD3DADF-E40C-4CDD-BAA4-4D270E7D59DE}
		{0B0CF2FC-2FC5-4925-B89E-6E3121D19C09} = {BD72B9F5-0580-4E8B-9EDF-C388104F70C9}
		{A3FCBDE6-3030-41AB-A3B3-02754C17938D} = {7F681C3F-5B9D-46D5-BA85-22905EE205AA}
		{21F50DDE-D839-427F-85C5-983650FA34DB} = {BDD3DADF-E40C-4CDD-BAA4-4D270E7D59DE}
		{80731F01-DB3B-487F-B4FD-B42A00F35568} = {4B94237A-0E66-40FC-936C-69B3AED74342}
		{BBEC4C38-2AD9-446A-8B16-0029B2133BED} = {0B0CF2FC-2FC5-4925-B89E-6E3121D19C09}
		{91393FF1-7A5A-4503-B71D-19D275ADDBE3} = {0B0CF2FC-2FC5-4925-B89E-6E3121D19C09}
		{48487A11-7A2D-405A-8FE6-9F09F7A48420} = {0B0CF2FC-2FC5-4925-B89E-6E3121D19C09}
	EndGlobalSection
	GlobalSection(ExtensibilityGlobals) = postSolution
		SolutionGuid = {E1B5DA66-7947-4D1C-9529-B648BF902B80}
	EndGlobalSection
EndGlobal
